
Microsoft Visual Studio Solution File, Format Version 12.00
# Visual Studio Version 17
VisualStudioVersion = 17.6.33829.357
MinimumVisualStudioVersion = 10.0.40219.1
Project("{2150E333-8FDC-42A3-9474-1A3956D46DE8}") = "3_Infrastructure", "3_Infrastructure", "{435BA3BE-43EC-4AD3-A601-46AD676CCDC2}"
EndProject
Project("{2150E333-8FDC-42A3-9474-1A3956D46DE8}") = "2_Presentation", "2_Presentation", "{8843EE94-3467-4D26-9258-6D346C8D5DF3}"
EndProject
Project("{2150E333-8FDC-42A3-9474-1A3956D46DE8}") = "0_Domain", "0_Domain", "{B601157C-1DE9-4110-AD2A-03D9B04F8B11}"
EndProject
Project("{2150E333-8FDC-42A3-9474-1A3956D46DE8}") = "1_Application", "1_Application", "{326D4996-0CE4-4154-A597-ED910C9B2382}"
EndProject
Project("{FAE04EC0-301F-11D3-BF4B-00C04F79EFBC}") = "Entities", "Domain\Entities\Entities.csproj", "{E5262E97-D5DD-45CA-A990-AA47A6CAC2FC}"
EndProject
Project("{FAE04EC0-301F-11D3-BF4B-00C04F79EFBC}") = "Services", "Application\Services\Services.csproj", "{EB584E11-10CF-4E11-99EF-0D19E9ACEE0C}"
EndProject
Project("{FAE04EC0-301F-11D3-BF4B-00C04F79EFBC}") = "RelationalDatabase", "Infrastructure\RelationalDatabase\RelationalDatabase.csproj", "{2BC2AFFF-BD16-49C9-B887-E5720E1F6D99}"
EndProject
Project("{FAE04EC0-301F-11D3-BF4B-00C04F79EFBC}") = "NonRelationalDatabase", "Infrastructure\NonRelationalDatabase\NonRelationalDatabase.csproj", "{99954E97-9D8C-42C9-A82C-00A369891A1E}"
EndProject
Project("{FAE04EC0-301F-11D3-BF4B-00C04F79EFBC}") = "CacheDatabase", "Infrastructure\CacheDatabase\CacheDatabase.csproj", "{C7782BF0-08CA-4881-B728-684B62B7C939}"
EndProject
Project("{2150E333-8FDC-42A3-9474-1A3956D46DE8}") = "Tests", "Tests", "{D6B8682C-9E3E-497E-BC9A-19D4E3DB3A29}"
EndProject
Project("{FAE04EC0-301F-11D3-BF4B-00C04F79EFBC}") = "TestDomain", "Tests\TestDomain\TestDomain.csproj", "{6B152BAE-63D9-41C2-993C-A13FF6DE0F13}"
EndProject
Project("{FAE04EC0-301F-11D3-BF4B-00C04F79EFBC}") = "ExternalAPI", "Infrastructure\ExternalAPI\ExternalAPI.csproj", "{E9DFF0CF-3577-45C6-9602-720A28DB2E1E}"
EndProject
Project("{FAE04EC0-301F-11D3-BF4B-00C04F79EFBC}") = "Repositories", "Infrastructure\Repositories\Repositories.csproj", "{92400A04-EE36-4D9B-8FE7-219AEF40C151}"
EndProject
Project("{2150E333-8FDC-42A3-9474-1A3956D46DE8}") = "Common", "Common", "{21423E5B-151F-4093-A3F2-88EEDCBCC861}"
EndProject
Project("{FAE04EC0-301F-11D3-BF4B-00C04F79EFBC}") = "DependencyInjection", "Common\DependencyInjection\DependencyInjection.csproj", "{A502E984-8423-496C-ADC3-62EEA7274CBE}"
EndProject
Project("{FAE04EC0-301F-11D3-BF4B-00C04F79EFBC}") = "Presentation.Console", "Presentation\Presentation.Console\Presentation.Console.csproj", "{7FDBE304-24CD-45BD-B90F-FEAB64CA0533}"
EndProject
Project("{FAE04EC0-301F-11D3-BF4B-00C04F79EFBC}") = "Logging", "Common\Logging\Logging.csproj", "{F0F51212-49BF-4374-994D-E79A8C6CB3BD}"
EndProject
Global
	GlobalSection(SolutionConfigurationPlatforms) = preSolution
		Debug|Any CPU = Debug|Any CPU
		Release|Any CPU = Release|Any CPU
	EndGlobalSection
	GlobalSection(ProjectConfigurationPlatforms) = postSolution
		{E5262E97-D5DD-45CA-A990-AA47A6CAC2FC}.Debug|Any CPU.ActiveCfg = Debug|Any CPU
		{E5262E97-D5DD-45CA-A990-AA47A6CAC2FC}.Debug|Any CPU.Build.0 = Debug|Any CPU
		{E5262E97-D5DD-45CA-A990-AA47A6CAC2FC}.Release|Any CPU.ActiveCfg = Release|Any CPU
		{E5262E97-D5DD-45CA-A990-AA47A6CAC2FC}.Release|Any CPU.Build.0 = Release|Any CPU
		{EB584E11-10CF-4E11-99EF-0D19E9ACEE0C}.Debug|Any CPU.ActiveCfg = Debug|Any CPU
		{EB584E11-10CF-4E11-99EF-0D19E9ACEE0C}.Debug|Any CPU.Build.0 = Debug|Any CPU
		{EB584E11-10CF-4E11-99EF-0D19E9ACEE0C}.Release|Any CPU.ActiveCfg = Release|Any CPU
		{EB584E11-10CF-4E11-99EF-0D19E9ACEE0C}.Release|Any CPU.Build.0 = Release|Any CPU
		{2BC2AFFF-BD16-49C9-B887-E5720E1F6D99}.Debug|Any CPU.ActiveCfg = Debug|Any CPU
		{2BC2AFFF-BD16-49C9-B887-E5720E1F6D99}.Debug|Any CPU.Build.0 = Debug|Any CPU
		{2BC2AFFF-BD16-49C9-B887-E5720E1F6D99}.Release|Any CPU.ActiveCfg = Release|Any CPU
		{2BC2AFFF-BD16-49C9-B887-E5720E1F6D99}.Release|Any CPU.Build.0 = Release|Any CPU
		{99954E97-9D8C-42C9-A82C-00A369891A1E}.Debug|Any CPU.ActiveCfg = Debug|Any CPU
		{99954E97-9D8C-42C9-A82C-00A369891A1E}.Debug|Any CPU.Build.0 = Debug|Any CPU
		{99954E97-9D8C-42C9-A82C-00A369891A1E}.Release|Any CPU.ActiveCfg = Release|Any CPU
		{99954E97-9D8C-42C9-A82C-00A369891A1E}.Release|Any CPU.Build.0 = Release|Any CPU
		{C7782BF0-08CA-4881-B728-684B62B7C939}.Debug|Any CPU.ActiveCfg = Debug|Any CPU
		{C7782BF0-08CA-4881-B728-684B62B7C939}.Debug|Any CPU.Build.0 = Debug|Any CPU
		{C7782BF0-08CA-4881-B728-684B62B7C939}.Release|Any CPU.ActiveCfg = Release|Any CPU
		{C7782BF0-08CA-4881-B728-684B62B7C939}.Release|Any CPU.Build.0 = Release|Any CPU
		{6B152BAE-63D9-41C2-993C-A13FF6DE0F13}.Debug|Any CPU.ActiveCfg = Debug|Any CPU
		{6B152BAE-63D9-41C2-993C-A13FF6DE0F13}.Debug|Any CPU.Build.0 = Debug|Any CPU
		{6B152BAE-63D9-41C2-993C-A13FF6DE0F13}.Release|Any CPU.ActiveCfg = Release|Any CPU
		{6B152BAE-63D9-41C2-993C-A13FF6DE0F13}.Release|Any CPU.Build.0 = Release|Any CPU
		{E9DFF0CF-3577-45C6-9602-720A28DB2E1E}.Debug|Any CPU.ActiveCfg = Debug|Any CPU
		{E9DFF0CF-3577-45C6-9602-720A28DB2E1E}.Debug|Any CPU.Build.0 = Debug|Any CPU
		{E9DFF0CF-3577-45C6-9602-720A28DB2E1E}.Release|Any CPU.ActiveCfg = Release|Any CPU
		{E9DFF0CF-3577-45C6-9602-720A28DB2E1E}.Release|Any CPU.Build.0 = Release|Any CPU
		{92400A04-EE36-4D9B-8FE7-219AEF40C151}.Debug|Any CPU.ActiveCfg = Debug|Any CPU
		{92400A04-EE36-4D9B-8FE7-219AEF40C151}.Debug|Any CPU.Build.0 = Debug|Any CPU
		{92400A04-EE36-4D9B-8FE7-219AEF40C151}.Release|Any CPU.ActiveCfg = Release|Any CPU
		{92400A04-EE36-4D9B-8FE7-219AEF40C151}.Release|Any CPU.Build.0 = Release|Any CPU
		{A502E984-8423-496C-ADC3-62EEA7274CBE}.Debug|Any CPU.ActiveCfg = Debug|Any CPU
		{A502E984-8423-496C-ADC3-62EEA7274CBE}.Debug|Any CPU.Build.0 = Debug|Any CPU
		{A502E984-8423-496C-ADC3-62EEA7274CBE}.Release|Any CPU.ActiveCfg = Release|Any CPU
		{A502E984-8423-496C-ADC3-62EEA7274CBE}.Release|Any CPU.Build.0 = Release|Any CPU
		{5FAC5B0B-0B3F-4B2E-A846-381D91DC2E55}.Debug|Any CPU.ActiveCfg = Debug|Any CPU
		{5FAC5B0B-0B3F-4B2E-A846-381D91DC2E55}.Debug|Any CPU.Build.0 = Debug|Any CPU
		{5FAC5B0B-0B3F-4B2E-A846-381D91DC2E55}.Release|Any CPU.ActiveCfg = Release|Any CPU
		{5FAC5B0B-0B3F-4B2E-A846-381D91DC2E55}.Release|Any CPU.Build.0 = Release|Any CPU
		{7FDBE304-24CD-45BD-B90F-FEAB64CA0533}.Debug|Any CPU.ActiveCfg = Debug|Any CPU
		{7FDBE304-24CD-45BD-B90F-FEAB64CA0533}.Debug|Any CPU.Build.0 = Debug|Any CPU
		{7FDBE304-24CD-45BD-B90F-FEAB64CA0533}.Release|Any CPU.ActiveCfg = Release|Any CPU
		{7FDBE304-24CD-45BD-B90F-FEAB64CA0533}.Release|Any CPU.Build.0 = Release|Any CPU
		{F0F51212-49BF-4374-994D-E79A8C6CB3BD}.Debug|Any CPU.ActiveCfg = Debug|Any CPU
		{F0F51212-49BF-4374-994D-E79A8C6CB3BD}.Debug|Any CPU.Build.0 = Debug|Any CPU
		{F0F51212-49BF-4374-994D-E79A8C6CB3BD}.Release|Any CPU.ActiveCfg = Release|Any CPU
		{F0F51212-49BF-4374-994D-E79A8C6CB3BD}.Release|Any CPU.Build.0 = Release|Any CPU
	EndGlobalSection
	GlobalSection(SolutionProperties) = preSolution
		HideSolutionNode = FALSE
	EndGlobalSection
	GlobalSection(ExtensibilityGlobals) = postSolution
		SolutionGuid = {81064EE2-7A2E-43A3-83FB-344C6F5B824C}
	EndGlobalSection
	GlobalSection(NestedProjects) = preSolution
		{E5262E97-D5DD-45CA-A990-AA47A6CAC2FC} = {B601157C-1DE9-4110-AD2A-03D9B04F8B11}
		{EB584E11-10CF-4E11-99EF-0D19E9ACEE0C} = {326D4996-0CE4-4154-A597-ED910C9B2382}
		{2BC2AFFF-BD16-49C9-B887-E5720E1F6D99} = {435BA3BE-43EC-4AD3-A601-46AD676CCDC2}
		{99954E97-9D8C-42C9-A82C-00A369891A1E} = {435BA3BE-43EC-4AD3-A601-46AD676CCDC2}
		{C7782BF0-08CA-4881-B728-684B62B7C939} = {435BA3BE-43EC-4AD3-A601-46AD676CCDC2}
		{6B152BAE-63D9-41C2-993C-A13FF6DE0F13} = {D6B8682C-9E3E-497E-BC9A-19D4E3DB3A29}
		{E9DFF0CF-3577-45C6-9602-720A28DB2E1E} = {435BA3BE-43EC-4AD3-A601-46AD676CCDC2}
		{92400A04-EE36-4D9B-8FE7-219AEF40C151} = {435BA3BE-43EC-4AD3-A601-46AD676CCDC2}
		{7FDBE304-24CD-45BD-B90F-FEAB64CA0533} = {8843EE94-3467-4D26-9258-6D346C8D5DF3}
		{A502E984-8423-496C-ADC3-62EEA7274CBE} = {21423E5B-151F-4093-A3F2-88EEDCBCC861}
		{F0F51212-49BF-4374-994D-E79A8C6CB3BD} = {21423E5B-151F-4093-A3F2-88EEDCBCC861}
	EndGlobalSection
EndGlobal
