
Microsoft Visual Studio Solution File, Format Version 12.00
# Visual Studio Version 17
VisualStudioVersion = 17.6.33829.357
MinimumVisualStudioVersion = 10.0.40219.1
Project("{2150E333-8FDC-42A3-9474-1A3956D46DE8}") = "2_Presenters", "2_Presenters", "{8843EE94-3467-4D26-9258-6D346C8D5DF3}"
EndProject
Project("{2150E333-8FDC-42A3-9474-1A3956D46DE8}") = "0_Entities", "0_Entities", "{B601157C-1DE9-4110-AD2A-03D9B04F8B11}"
EndProject
Project("{2150E333-8FDC-42A3-9474-1A3956D46DE8}") = "1_UseCases", "1_UseCases", "{326D4996-0CE4-4154-A597-ED910C9B2382}"
EndProject
Project("{FAE04EC0-301F-11D3-BF4B-00C04F79EFBC}") = "Entities", "0_Entities\Entities\Entities.csproj", "{E5262E97-D5DD-45CA-A990-AA47A6CAC2FC}"
EndProject
Project("{FAE04EC0-301F-11D3-BF4B-00C04F79EFBC}") = "RelationalDatabase", "3_Databases\RelationalDatabase\RelationalDatabase.csproj", "{2BC2AFFF-BD16-49C9-B887-E5720E1F6D99}"
EndProject
Project("{FAE04EC0-301F-11D3-BF4B-00C04F79EFBC}") = "NonRelationalDatabase", "3_Databases\NonRelationalDatabase\NonRelationalDatabase.csproj", "{99954E97-9D8C-42C9-A82C-00A369891A1E}"
EndProject
Project("{FAE04EC0-301F-11D3-BF4B-00C04F79EFBC}") = "CacheDatabase", "3_Databases\CacheDatabase\CacheDatabase.csproj", "{C7782BF0-08CA-4881-B728-684B62B7C939}"
EndProject
Project("{2150E333-8FDC-42A3-9474-1A3956D46DE8}") = "Tests", "Tests", "{D6B8682C-9E3E-497E-BC9A-19D4E3DB3A29}"
EndProject
Project("{FAE04EC0-301F-11D3-BF4B-00C04F79EFBC}") = "ExternalAPI", "3_ExternalAPIs\ExternalAPI\ExternalAPI.csproj", "{E9DFF0CF-3577-45C6-9602-720A28DB2E1E}"
EndProject
Project("{FAE04EC0-301F-11D3-BF4B-00C04F79EFBC}") = "Repositories", "2_Gateways\Repositories\Repositories.csproj", "{92400A04-EE36-4D9B-8FE7-219AEF40C151}"
EndProject
Project("{2150E333-8FDC-42A3-9474-1A3956D46DE8}") = "Shared", "Shared", "{21423E5B-151F-4093-A3F2-88EEDCBCC861}"
EndProject
Project("{FAE04EC0-301F-11D3-BF4B-00C04F79EFBC}") = "DependencyInjection", "Shared\DependencyInjection\DependencyInjection.csproj", "{A502E984-8423-496C-ADC3-62EEA7274CBE}"
EndProject
Project("{FAE04EC0-301F-11D3-BF4B-00C04F79EFBC}") = "Presentation.Console", "2_Presenters\Presentation.Console\Presentation.Console.csproj", "{7FDBE304-24CD-45BD-B90F-FEAB64CA0533}"
EndProject
Project("{FAE04EC0-301F-11D3-BF4B-00C04F79EFBC}") = "Logging", "Shared\Logging\Logging.csproj", "{F0F51212-49BF-4374-994D-E79A8C6CB3BD}"
EndProject
Project("{2150E333-8FDC-42A3-9474-1A3956D46DE8}") = "2_Gateways", "2_Gateways", "{2AC9AE22-1E03-4330-98C9-180E0437650E}"
EndProject
Project("{2150E333-8FDC-42A3-9474-1A3956D46DE8}") = "3_Databases", "3_Databases", "{2490D7D3-82D9-4A3C-BDC7-A365A066ACC4}"
EndProject
Project("{2150E333-8FDC-42A3-9474-1A3956D46DE8}") = "3_ExternalAPIs", "3_ExternalAPIs", "{37683D28-084B-4542-9B3A-E53259B613CA}"
EndProject
Project("{FAE04EC0-301F-11D3-BF4B-00C04F79EFBC}") = "DeputyUseCase", "1_UseCases\DeputyUseCase\DeputyUseCase.csproj", "{93E65783-535B-4B4D-B25D-7D8D38A2ACCD}"
EndProject
Project("{FAE04EC0-301F-11D3-BF4B-00C04F79EFBC}") = "Gateways", "2_Gateways\Gateways\Gateways.csproj", "{3CB2475D-7C84-46D0-A61E-3EEE30EB2A66}"
EndProject
Project("{FAE04EC0-301F-11D3-BF4B-00C04F79EFBC}") = "TestEntities", "Tests\TestEntities\TestEntities.csproj", "{9305AE80-1464-42CA-A988-8DE3F2AE50B7}"
EndProject
Project("{FAE04EC0-301F-11D3-BF4B-00C04F79EFBC}") = "Presentation.API", "2_Presenters\Presentation.API\Presentation.API.csproj", "{3702ED93-7666-463D-9AFA-EBAEB0BE04D0}"
EndProject
Global
	GlobalSection(SolutionConfigurationPlatforms) = preSolution
		Debug|Any CPU = Debug|Any CPU
		Release|Any CPU = Release|Any CPU
	EndGlobalSection
	GlobalSection(ProjectConfigurationPlatforms) = postSolution
		{E5262E97-D5DD-45CA-A990-AA47A6CAC2FC}.Debug|Any CPU.ActiveCfg = Debug|Any CPU
		{E5262E97-D5DD-45CA-A990-AA47A6CAC2FC}.Debug|Any CPU.Build.0 = Debug|Any CPU
		{E5262E97-D5DD-45CA-A990-AA47A6CAC2FC}.Release|Any CPU.ActiveCfg = Release|Any CPU
		{E5262E97-D5DD-45CA-A990-AA47A6CAC2FC}.Release|Any CPU.Build.0 = Release|Any CPU
		{2BC2AFFF-BD16-49C9-B887-E5720E1F6D99}.Debug|Any CPU.ActiveCfg = Debug|Any CPU
		{2BC2AFFF-BD16-49C9-B887-E5720E1F6D99}.Debug|Any CPU.Build.0 = Debug|Any CPU
		{2BC2AFFF-BD16-49C9-B887-E5720E1F6D99}.Release|Any CPU.ActiveCfg = Release|Any CPU
		{2BC2AFFF-BD16-49C9-B887-E5720E1F6D99}.Release|Any CPU.Build.0 = Release|Any CPU
		{99954E97-9D8C-42C9-A82C-00A369891A1E}.Debug|Any CPU.ActiveCfg = Debug|Any CPU
		{99954E97-9D8C-42C9-A82C-00A369891A1E}.Debug|Any CPU.Build.0 = Debug|Any CPU
		{99954E97-9D8C-42C9-A82C-00A369891A1E}.Release|Any CPU.ActiveCfg = Release|Any CPU
		{99954E97-9D8C-42C9-A82C-00A369891A1E}.Release|Any CPU.Build.0 = Release|Any CPU
		{C7782BF0-08CA-4881-B728-684B62B7C939}.Debug|Any CPU.ActiveCfg = Debug|Any CPU
		{C7782BF0-08CA-4881-B728-684B62B7C939}.Debug|Any CPU.Build.0 = Debug|Any CPU
		{C7782BF0-08CA-4881-B728-684B62B7C939}.Release|Any CPU.ActiveCfg = Release|Any CPU
		{C7782BF0-08CA-4881-B728-684B62B7C939}.Release|Any CPU.Build.0 = Release|Any CPU
		{E9DFF0CF-3577-45C6-9602-720A28DB2E1E}.Debug|Any CPU.ActiveCfg = Debug|Any CPU
		{E9DFF0CF-3577-45C6-9602-720A28DB2E1E}.Debug|Any CPU.Build.0 = Debug|Any CPU
		{E9DFF0CF-3577-45C6-9602-720A28DB2E1E}.Release|Any CPU.ActiveCfg = Release|Any CPU
		{E9DFF0CF-3577-45C6-9602-720A28DB2E1E}.Release|Any CPU.Build.0 = Release|Any CPU
		{92400A04-EE36-4D9B-8FE7-219AEF40C151}.Debug|Any CPU.ActiveCfg = Debug|Any CPU
		{92400A04-EE36-4D9B-8FE7-219AEF40C151}.Debug|Any CPU.Build.0 = Debug|Any CPU
		{92400A04-EE36-4D9B-8FE7-219AEF40C151}.Release|Any CPU.ActiveCfg = Release|Any CPU
		{92400A04-EE36-4D9B-8FE7-219AEF40C151}.Release|Any CPU.Build.0 = Release|Any CPU
		{A502E984-8423-496C-ADC3-62EEA7274CBE}.Debug|Any CPU.ActiveCfg = Debug|Any CPU
		{A502E984-8423-496C-ADC3-62EEA7274CBE}.Debug|Any CPU.Build.0 = Debug|Any CPU
		{A502E984-8423-496C-ADC3-62EEA7274CBE}.Release|Any CPU.ActiveCfg = Release|Any CPU
		{A502E984-8423-496C-ADC3-62EEA7274CBE}.Release|Any CPU.Build.0 = Release|Any CPU
		{5FAC5B0B-0B3F-4B2E-A846-381D91DC2E55}.Debug|Any CPU.ActiveCfg = Debug|Any CPU
		{5FAC5B0B-0B3F-4B2E-A846-381D91DC2E55}.Debug|Any CPU.Build.0 = Debug|Any CPU
		{5FAC5B0B-0B3F-4B2E-A846-381D91DC2E55}.Release|Any CPU.ActiveCfg = Release|Any CPU
		{5FAC5B0B-0B3F-4B2E-A846-381D91DC2E55}.Release|Any CPU.Build.0 = Release|Any CPU
		{7FDBE304-24CD-45BD-B90F-FEAB64CA0533}.Debug|Any CPU.ActiveCfg = Debug|Any CPU
		{7FDBE304-24CD-45BD-B90F-FEAB64CA0533}.Debug|Any CPU.Build.0 = Debug|Any CPU
		{7FDBE304-24CD-45BD-B90F-FEAB64CA0533}.Release|Any CPU.ActiveCfg = Release|Any CPU
		{7FDBE304-24CD-45BD-B90F-FEAB64CA0533}.Release|Any CPU.Build.0 = Release|Any CPU
		{F0F51212-49BF-4374-994D-E79A8C6CB3BD}.Debug|Any CPU.ActiveCfg = Debug|Any CPU
		{F0F51212-49BF-4374-994D-E79A8C6CB3BD}.Debug|Any CPU.Build.0 = Debug|Any CPU
		{F0F51212-49BF-4374-994D-E79A8C6CB3BD}.Release|Any CPU.ActiveCfg = Release|Any CPU
		{F0F51212-49BF-4374-994D-E79A8C6CB3BD}.Release|Any CPU.Build.0 = Release|Any CPU
		{93E65783-535B-4B4D-B25D-7D8D38A2ACCD}.Debug|Any CPU.ActiveCfg = Debug|Any CPU
		{93E65783-535B-4B4D-B25D-7D8D38A2ACCD}.Debug|Any CPU.Build.0 = Debug|Any CPU
		{93E65783-535B-4B4D-B25D-7D8D38A2ACCD}.Release|Any CPU.ActiveCfg = Release|Any CPU
		{93E65783-535B-4B4D-B25D-7D8D38A2ACCD}.Release|Any CPU.Build.0 = Release|Any CPU
		{3CB2475D-7C84-46D0-A61E-3EEE30EB2A66}.Debug|Any CPU.ActiveCfg = Debug|Any CPU
		{3CB2475D-7C84-46D0-A61E-3EEE30EB2A66}.Debug|Any CPU.Build.0 = Debug|Any CPU
		{3CB2475D-7C84-46D0-A61E-3EEE30EB2A66}.Release|Any CPU.ActiveCfg = Release|Any CPU
		{3CB2475D-7C84-46D0-A61E-3EEE30EB2A66}.Release|Any CPU.Build.0 = Release|Any CPU
		{9305AE80-1464-42CA-A988-8DE3F2AE50B7}.Debug|Any CPU.ActiveCfg = Debug|Any CPU
		{9305AE80-1464-42CA-A988-8DE3F2AE50B7}.Debug|Any CPU.Build.0 = Debug|Any CPU
		{9305AE80-1464-42CA-A988-8DE3F2AE50B7}.Release|Any CPU.ActiveCfg = Release|Any CPU
		{9305AE80-1464-42CA-A988-8DE3F2AE50B7}.Release|Any CPU.Build.0 = Release|Any CPU
		{3702ED93-7666-463D-9AFA-EBAEB0BE04D0}.Debug|Any CPU.ActiveCfg = Debug|Any CPU
		{3702ED93-7666-463D-9AFA-EBAEB0BE04D0}.Debug|Any CPU.Build.0 = Debug|Any CPU
		{3702ED93-7666-463D-9AFA-EBAEB0BE04D0}.Release|Any CPU.ActiveCfg = Release|Any CPU
		{3702ED93-7666-463D-9AFA-EBAEB0BE04D0}.Release|Any CPU.Build.0 = Release|Any CPU
	EndGlobalSection
	GlobalSection(SolutionProperties) = preSolution
		HideSolutionNode = FALSE
	EndGlobalSection
	GlobalSection(ExtensibilityGlobals) = postSolution
		SolutionGuid = {81064EE2-7A2E-43A3-83FB-344C6F5B824C}
	EndGlobalSection
	GlobalSection(NestedProjects) = preSolution
		{E5262E97-D5DD-45CA-A990-AA47A6CAC2FC} = {B601157C-1DE9-4110-AD2A-03D9B04F8B11}
		{7FDBE304-24CD-45BD-B90F-FEAB64CA0533} = {8843EE94-3467-4D26-9258-6D346C8D5DF3}
		{A502E984-8423-496C-ADC3-62EEA7274CBE} = {21423E5B-151F-4093-A3F2-88EEDCBCC861}
		{F0F51212-49BF-4374-994D-E79A8C6CB3BD} = {21423E5B-151F-4093-A3F2-88EEDCBCC861}
		{92400A04-EE36-4D9B-8FE7-219AEF40C151} = {2AC9AE22-1E03-4330-98C9-180E0437650E}
		{C7782BF0-08CA-4881-B728-684B62B7C939} = {2490D7D3-82D9-4A3C-BDC7-A365A066ACC4}
		{99954E97-9D8C-42C9-A82C-00A369891A1E} = {2490D7D3-82D9-4A3C-BDC7-A365A066ACC4}
		{2BC2AFFF-BD16-49C9-B887-E5720E1F6D99} = {2490D7D3-82D9-4A3C-BDC7-A365A066ACC4}
		{E9DFF0CF-3577-45C6-9602-720A28DB2E1E} = {37683D28-084B-4542-9B3A-E53259B613CA}
		{93E65783-535B-4B4D-B25D-7D8D38A2ACCD} = {326D4996-0CE4-4154-A597-ED910C9B2382}
		{3CB2475D-7C84-46D0-A61E-3EEE30EB2A66} = {2AC9AE22-1E03-4330-98C9-180E0437650E}
		{9305AE80-1464-42CA-A988-8DE3F2AE50B7} = {D6B8682C-9E3E-497E-BC9A-19D4E3DB3A29}
		{3702ED93-7666-463D-9AFA-EBAEB0BE04D0} = {8843EE94-3467-4D26-9258-6D346C8D5DF3}
	EndGlobalSection
EndGlobal
